
Microsoft Visual Studio Solution File, Format Version 12.00
# Visual Studio 14
VisualStudioVersion = 14.0.25123.0
MinimumVisualStudioVersion = 10.0.40219.1
Project("{1B19158F-E398-40A6-8E3B-350508E125F1}") = "Hesap", "Hesap\Hesap.dxjsproj", "{F3CCEEC3-42DB-4380-8A0E-02C9781DCB38}"
EndProject
Global
	GlobalSection(SolutionConfigurationPlatforms) = preSolution
		Debug|Any CPU = Debug|Any CPU
		Release|Any CPU = Release|Any CPU
	EndGlobalSection
	GlobalSection(ProjectConfigurationPlatforms) = postSolution
		{F3CCEEC3-42DB-4380-8A0E-02C9781DCB38}.Debug|Any CPU.ActiveCfg = Debug|Any CPU
		{F3CCEEC3-42DB-4380-8A0E-02C9781DCB38}.Debug|Any CPU.Build.0 = Debug|Any CPU
		{F3CCEEC3-42DB-4380-8A0E-02C9781DCB38}.Release|Any CPU.ActiveCfg = Release|Any CPU
		{F3CCEEC3-42DB-4380-8A0E-02C9781DCB38}.Release|Any CPU.Build.0 = Release|Any CPU
	EndGlobalSection
	GlobalSection(SolutionProperties) = preSolution
		HideSolutionNode = FALSE
	EndGlobalSection
EndGlobal
